
Microsoft Visual Studio Solution File, Format Version 12.00
# Visual Studio Version 16
VisualStudioVersion = 16.0.30621.155
MinimumVisualStudioVersion = 10.0.40219.1
Project("{9A19103F-16F7-4668-BE54-9A1E7A4F7556}") = "Ex1-1", "Ex1-1\Ex1-1.csproj", "{85BB08E3-4C06-492A-B281-567643E2A3DC}"
EndProject
Project("{9A19103F-16F7-4668-BE54-9A1E7A4F7556}") = "Ex1-2", "Ex1-2\Ex1-2.csproj", "{D05FC944-1504-40C3-9B04-AED70B03EA60}"
EndProject
Project("{9A19103F-16F7-4668-BE54-9A1E7A4F7556}") = "Ex1-3", "Ex1-3\Ex1-3.csproj", "{9F3018E3-F5B8-4BE4-990A-5E3BD1762F6A}"
EndProject
Project("{9A19103F-16F7-4668-BE54-9A1E7A4F7556}") = "Ex1-4", "Ex1-4\Ex1-4.csproj", "{EC98BF46-DCB7-488D-9768-3B22894F83FC}"
EndProject
Project("{9A19103F-16F7-4668-BE54-9A1E7A4F7556}") = "Ex2-1", "Ex2-1\Ex2-1.csproj", "{B6AE0734-CF8D-4DC0-877F-E3B0503FB1FA}"
EndProject
Project("{9A19103F-16F7-4668-BE54-9A1E7A4F7556}") = "Ex2-2", "Ex2-2\Ex2-2.csproj", "{039D00C0-F976-4ECA-B324-9AF77764F043}"
EndProject
Project("{9A19103F-16F7-4668-BE54-9A1E7A4F7556}") = "Ex2-3", "Ex2-3\Ex2-3.csproj", "{159B1ECF-3B80-40D7-A6FE-C552FAB77BAE}"
EndProject
Project("{9A19103F-16F7-4668-BE54-9A1E7A4F7556}") = "Ex2-4", "Ex2-4\Ex2-4.csproj", "{B808112A-27EE-4937-96FF-A00A6AC6AE4F}"
EndProject
Project("{FAE04EC0-301F-11D3-BF4B-00C04F79EFBC}") = "Ex3", "Ex3\Ex3.csproj", "{FE5215F1-7E98-4C99-BD4E-3A5622985A8D}"
EndProject
Global
	GlobalSection(SolutionConfigurationPlatforms) = preSolution
		Debug|Any CPU = Debug|Any CPU
		Release|Any CPU = Release|Any CPU
	EndGlobalSection
	GlobalSection(ProjectConfigurationPlatforms) = postSolution
		{85BB08E3-4C06-492A-B281-567643E2A3DC}.Debug|Any CPU.ActiveCfg = Debug|Any CPU
		{85BB08E3-4C06-492A-B281-567643E2A3DC}.Debug|Any CPU.Build.0 = Debug|Any CPU
		{85BB08E3-4C06-492A-B281-567643E2A3DC}.Release|Any CPU.ActiveCfg = Release|Any CPU
		{85BB08E3-4C06-492A-B281-567643E2A3DC}.Release|Any CPU.Build.0 = Release|Any CPU
		{D05FC944-1504-40C3-9B04-AED70B03EA60}.Debug|Any CPU.ActiveCfg = Debug|Any CPU
		{D05FC944-1504-40C3-9B04-AED70B03EA60}.Debug|Any CPU.Build.0 = Debug|Any CPU
		{D05FC944-1504-40C3-9B04-AED70B03EA60}.Release|Any CPU.ActiveCfg = Release|Any CPU
		{D05FC944-1504-40C3-9B04-AED70B03EA60}.Release|Any CPU.Build.0 = Release|Any CPU
		{9F3018E3-F5B8-4BE4-990A-5E3BD1762F6A}.Debug|Any CPU.ActiveCfg = Debug|Any CPU
		{9F3018E3-F5B8-4BE4-990A-5E3BD1762F6A}.Debug|Any CPU.Build.0 = Debug|Any CPU
		{9F3018E3-F5B8-4BE4-990A-5E3BD1762F6A}.Release|Any CPU.ActiveCfg = Release|Any CPU
		{9F3018E3-F5B8-4BE4-990A-5E3BD1762F6A}.Release|Any CPU.Build.0 = Release|Any CPU
		{EC98BF46-DCB7-488D-9768-3B22894F83FC}.Debug|Any CPU.ActiveCfg = Debug|Any CPU
		{EC98BF46-DCB7-488D-9768-3B22894F83FC}.Debug|Any CPU.Build.0 = Debug|Any CPU
		{EC98BF46-DCB7-488D-9768-3B22894F83FC}.Release|Any CPU.ActiveCfg = Release|Any CPU
		{EC98BF46-DCB7-488D-9768-3B22894F83FC}.Release|Any CPU.Build.0 = Release|Any CPU
		{B6AE0734-CF8D-4DC0-877F-E3B0503FB1FA}.Debug|Any CPU.ActiveCfg = Debug|Any CPU
		{B6AE0734-CF8D-4DC0-877F-E3B0503FB1FA}.Debug|Any CPU.Build.0 = Debug|Any CPU
		{B6AE0734-CF8D-4DC0-877F-E3B0503FB1FA}.Release|Any CPU.ActiveCfg = Release|Any CPU
		{B6AE0734-CF8D-4DC0-877F-E3B0503FB1FA}.Release|Any CPU.Build.0 = Release|Any CPU
		{039D00C0-F976-4ECA-B324-9AF77764F043}.Debug|Any CPU.ActiveCfg = Debug|Any CPU
		{039D00C0-F976-4ECA-B324-9AF77764F043}.Debug|Any CPU.Build.0 = Debug|Any CPU
		{039D00C0-F976-4ECA-B324-9AF77764F043}.Release|Any CPU.ActiveCfg = Release|Any CPU
		{039D00C0-F976-4ECA-B324-9AF77764F043}.Release|Any CPU.Build.0 = Release|Any CPU
		{159B1ECF-3B80-40D7-A6FE-C552FAB77BAE}.Debug|Any CPU.ActiveCfg = Debug|Any CPU
		{159B1ECF-3B80-40D7-A6FE-C552FAB77BAE}.Debug|Any CPU.Build.0 = Debug|Any CPU
		{159B1ECF-3B80-40D7-A6FE-C552FAB77BAE}.Release|Any CPU.ActiveCfg = Release|Any CPU
		{159B1ECF-3B80-40D7-A6FE-C552FAB77BAE}.Release|Any CPU.Build.0 = Release|Any CPU
		{B808112A-27EE-4937-96FF-A00A6AC6AE4F}.Debug|Any CPU.ActiveCfg = Debug|Any CPU
		{B808112A-27EE-4937-96FF-A00A6AC6AE4F}.Debug|Any CPU.Build.0 = Debug|Any CPU
		{B808112A-27EE-4937-96FF-A00A6AC6AE4F}.Release|Any CPU.ActiveCfg = Release|Any CPU
		{B808112A-27EE-4937-96FF-A00A6AC6AE4F}.Release|Any CPU.Build.0 = Release|Any CPU
		{FE5215F1-7E98-4C99-BD4E-3A5622985A8D}.Debug|Any CPU.ActiveCfg = Debug|Any CPU
		{FE5215F1-7E98-4C99-BD4E-3A5622985A8D}.Debug|Any CPU.Build.0 = Debug|Any CPU
		{FE5215F1-7E98-4C99-BD4E-3A5622985A8D}.Release|Any CPU.ActiveCfg = Release|Any CPU
		{FE5215F1-7E98-4C99-BD4E-3A5622985A8D}.Release|Any CPU.Build.0 = Release|Any CPU
	EndGlobalSection
	GlobalSection(SolutionProperties) = preSolution
		HideSolutionNode = FALSE
	EndGlobalSection
	GlobalSection(ExtensibilityGlobals) = postSolution
		SolutionGuid = {0A76F403-11FA-4184-BA99-880076680722}
	EndGlobalSection
EndGlobal
